
Microsoft Visual Studio Solution File, Format Version 12.00
# Visual Studio Version 17
VisualStudioVersion = 17.0.31903.59
MinimumVisualStudioVersion = 10.0.40219.1
Project("{FAE04EC0-301F-11D3-BF4B-00C04F79EFBC}") = "Lithograph", "Regolith\Lithograph.csproj", "{58180145-8ECC-47B3-BF07-C3CA63149AEF}"
EndProject
Global
	GlobalSection(SolutionConfigurationPlatforms) = preSolution
		Debug|Any CPU = Debug|Any CPU
		Release|Any CPU = Release|Any CPU
	EndGlobalSection
	GlobalSection(ProjectConfigurationPlatforms) = postSolution
		{58180145-8ECC-47B3-BF07-C3CA63149AEF}.Debug|Any CPU.ActiveCfg = Debug|Any CPU
		{58180145-8ECC-47B3-BF07-C3CA63149AEF}.Debug|Any CPU.Build.0 = Debug|Any CPU
		{58180145-8ECC-47B3-BF07-C3CA63149AEF}.Release|Any CPU.ActiveCfg = Release|Any CPU
		{58180145-8ECC-47B3-BF07-C3CA63149AEF}.Release|Any CPU.Build.0 = Release|Any CPU
	EndGlobalSection
	GlobalSection(SolutionProperties) = preSolution
		HideSolutionNode = FALSE
	EndGlobalSection
	GlobalSection(ExtensibilityGlobals) = postSolution
		SolutionGuid = {E1F46612-31E7-4475-8DDE-FFBCF6346A8B}
	EndGlobalSection
EndGlobal
